// !$*UTF8*$!
{
	archiveVersion = 1;
	classes = {
	};
	objectVersion = 56;
	objects = {

/* Begin PBXBuildFile section */
		B404DBCD2AE356CD00C43357 /* AppDelegate.swift in Sources */ = {isa = PBXBuildFile; fileRef = B404DBCC2AE356CD00C43357 /* AppDelegate.swift */; };
		B404DBCF2AE356CD00C43357 /* SceneDelegate.swift in Sources */ = {isa = PBXBuildFile; fileRef = B404DBCE2AE356CD00C43357 /* SceneDelegate.swift */; };
		B404DBD12AE356CD00C43357 /* ViewController.swift in Sources */ = {isa = PBXBuildFile; fileRef = B404DBD02AE356CD00C43357 /* ViewController.swift */; };
		B404DBD42AE356CD00C43357 /* Main.storyboard in Resources */ = {isa = PBXBuildFile; fileRef = B404DBD22AE356CD00C43357 /* Main.storyboard */; };
		B404DBD62AE356CE00C43357 /* Assets.xcassets in Resources */ = {isa = PBXBuildFile; fileRef = B404DBD52AE356CE00C43357 /* Assets.xcassets */; };
		B404DBD92AE356CE00C43357 /* LaunchScreen.storyboard in Resources */ = {isa = PBXBuildFile; fileRef = B404DBD72AE356CE00C43357 /* LaunchScreen.storyboard */; };
		F734A6379A86FC66FB23BB9F /* Pods_KeyBoardCocoPods.framework in Frameworks */ = {isa = PBXBuildFile; fileRef = C170CA832A2E40E8F079163D /* Pods_KeyBoardCocoPods.framework */; };
/* End PBXBuildFile section */

/* Begin PBXFileReference section */
		743B00D2D45B7BAFBBB4BA6E /* Pods-KeyBoardCocoPods.release.xcconfig */ = {isa = PBXFileReference; includeInIndex = 1; lastKnownFileType = text.xcconfig; name = "Pods-KeyBoardCocoPods.release.xcconfig"; path = "Target Support Files/Pods-KeyBoardCocoPods/Pods-KeyBoardCocoPods.release.xcconfig"; sourceTree = "<group>"; };
		8F36A478E854953788848DCF /* Pods-KeyBoardCocoPods.debug.xcconfig */ = {isa = PBXFileReference; includeInIndex = 1; lastKnownFileType = text.xcconfig; name = "Pods-KeyBoardCocoPods.debug.xcconfig"; path = "Target Support Files/Pods-KeyBoardCocoPods/Pods-KeyBoardCocoPods.debug.xcconfig"; sourceTree = "<group>"; };
		B404DBC92AE356CD00C43357 /* KeyBoardCocoPods.app */ = {isa = PBXFileReference; explicitFileType = wrapper.application; includeInIndex = 0; path = KeyBoardCocoPods.app; sourceTree = BUILT_PRODUCTS_DIR; };
		B404DBCC2AE356CD00C43357 /* AppDelegate.swift */ = {isa = PBXFileReference; lastKnownFileType = sourcecode.swift; path = AppDelegate.swift; sourceTree = "<group>"; };
		B404DBCE2AE356CD00C43357 /* SceneDelegate.swift */ = {isa = PBXFileReference; lastKnownFileType = sourcecode.swift; path = SceneDelegate.swift; sourceTree = "<group>"; };
		B404DBD02AE356CD00C43357 /* ViewController.swift */ = {isa = PBXFileReference; lastKnownFileType = sourcecode.swift; path = ViewController.swift; sourceTree = "<group>"; };
		B404DBD32AE356CD00C43357 /* Base */ = {isa = PBXFileReference; lastKnownFileType = file.storyboard; name = Base; path = Base.lproj/Main.storyboard; sourceTree = "<group>"; };
		B404DBD52AE356CE00C43357 /* Assets.xcassets */ = {isa = PBXFileReference; lastKnownFileType = folder.assetcatalog; path = Assets.xcassets; sourceTree = "<group>"; };
		B404DBD82AE356CE00C43357 /* Base */ = {isa = PBXFileReference; lastKnownFileType = file.storyboard; name = Base; path = Base.lproj/LaunchScreen.storyboard; sourceTree = "<group>"; };
		B404DBDA2AE356CE00C43357 /* Info.plist */ = {isa = PBXFileReference; lastKnownFileType = text.plist.xml; path = Info.plist; sourceTree = "<group>"; };
		C170CA832A2E40E8F079163D /* Pods_KeyBoardCocoPods.framework */ = {isa = PBXFileReference; explicitFileType = wrapper.framework; includeInIndex = 0; path = Pods_KeyBoardCocoPods.framework; sourceTree = BUILT_PRODUCTS_DIR; };
/* End PBXFileReference section */

/* Begin PBXFrameworksBuildPhase section */
		B404DBC62AE356CD00C43357 /* Frameworks */ = {
			isa = PBXFrameworksBuildPhase;
			buildActionMask = 2147483647;
			files = (
				F734A6379A86FC66FB23BB9F /* Pods_KeyBoardCocoPods.framework in Frameworks */,
			);
			runOnlyForDeploymentPostprocessing = 0;
		};
/* End PBXFrameworksBuildPhase section */

/* Begin PBXGroup section */
		18A995F724F1EE4ADE1730AB /* Frameworks */ = {
			isa = PBXGroup;
			children = (
				C170CA832A2E40E8F079163D /* Pods_KeyBoardCocoPods.framework */,
			);
			name = Frameworks;
			sourceTree = "<group>";
		};
		5162A3726C7A15297AEA8291 /* Pods */ = {
			isa = PBXGroup;
			children = (
				8F36A478E854953788848DCF /* Pods-KeyBoardCocoPods.debug.xcconfig */,
				743B00D2D45B7BAFBBB4BA6E /* Pods-KeyBoardCocoPods.release.xcconfig */,
			);
			name = Pods;
			path = Pods;
			sourceTree = "<group>";
		};
		B404DBC02AE356CC00C43357 = {
			isa = PBXGroup;
			children = (
				B404DBCB2AE356CD00C43357 /* KeyBoardCocoPods */,
				B404DBCA2AE356CD00C43357 /* Products */,
				5162A3726C7A15297AEA8291 /* Pods */,
				18A995F724F1EE4ADE1730AB /* Frameworks */,
			);
			sourceTree = "<group>";
		};
		B404DBCA2AE356CD00C43357 /* Products */ = {
			isa = PBXGroup;
			children = (
				B404DBC92AE356CD00C43357 /* KeyBoardCocoPods.app */,
			);
			name = Products;
			sourceTree = "<group>";
		};
		B404DBCB2AE356CD00C43357 /* KeyBoardCocoPods */ = {
			isa = PBXGroup;
			children = (
				B404DBCC2AE356CD00C43357 /* AppDelegate.swift */,
				B404DBCE2AE356CD00C43357 /* SceneDelegate.swift */,
				B404DBD02AE356CD00C43357 /* ViewController.swift */,
				B404DBD22AE356CD00C43357 /* Main.storyboard */,
				B404DBD52AE356CE00C43357 /* Assets.xcassets */,
				B404DBD72AE356CE00C43357 /* LaunchScreen.storyboard */,
				B404DBDA2AE356CE00C43357 /* Info.plist */,
			);
			path = KeyBoardCocoPods;
			sourceTree = "<group>";
		};
/* End PBXGroup section */

/* Begin PBXNativeTarget section */
		B404DBC82AE356CD00C43357 /* KeyBoardCocoPods */ = {
			isa = PBXNativeTarget;
			buildConfigurationList = B404DBDD2AE356CE00C43357 /* Build configuration list for PBXNativeTarget "KeyBoardCocoPods" */;
			buildPhases = (
				4A5A43A6A2C92E32C9AB6DDB /* [CP] Check Pods Manifest.lock */,
				B404DBC52AE356CD00C43357 /* Sources */,
				B404DBC62AE356CD00C43357 /* Frameworks */,
				B404DBC72AE356CD00C43357 /* Resources */,
				C0F34F7EB9384423215F8DA7 /* [CP] Embed Pods Frameworks */,
			);
			buildRules = (
			);
			dependencies = (
			);
			name = KeyBoardCocoPods;
			productName = KeyBoardCocoPods;
			productReference = B404DBC92AE356CD00C43357 /* KeyBoardCocoPods.app */;
			productType = "com.apple.product-type.application";
		};
/* End PBXNativeTarget section */

/* Begin PBXProject section */
		B404DBC12AE356CC00C43357 /* Project object */ = {
			isa = PBXProject;
			attributes = {
				BuildIndependentTargetsInParallel = 1;
				LastSwiftUpdateCheck = 1430;
				LastUpgradeCheck = 1430;
				TargetAttributes = {
					B404DBC82AE356CD00C43357 = {
						CreatedOnToolsVersion = 14.3.1;
					};
				};
			};
			buildConfigurationList = B404DBC42AE356CC00C43357 /* Build configuration list for PBXProject "KeyBoardCocoPods" */;
			compatibilityVersion = "Xcode 14.0";
			developmentRegion = en;
			hasScannedForEncodings = 0;
			knownRegions = (
				en,
				Base,
			);
			mainGroup = B404DBC02AE356CC00C43357;
			productRefGroup = B404DBCA2AE356CD00C43357 /* Products */;
			projectDirPath = "";
			projectRoot = "";
			targets = (
				B404DBC82AE356CD00C43357 /* KeyBoardCocoPods */,
			);
		};
/* End PBXProject section */

/* Begin PBXResourcesBuildPhase section */
		B404DBC72AE356CD00C43357 /* Resources */ = {
			isa = PBXResourcesBuildPhase;
			buildActionMask = 2147483647;
			files = (
				B404DBD92AE356CE00C43357 /* LaunchScreen.storyboard in Resources */,
				B404DBD62AE356CE00C43357 /* Assets.xcassets in Resources */,
				B404DBD42AE356CD00C43357 /* Main.storyboard in Resources */,
			);
			runOnlyForDeploymentPostprocessing = 0;
		};
/* End PBXResourcesBuildPhase section */

/* Begin PBXShellScriptBuildPhase section */
		4A5A43A6A2C92E32C9AB6DDB /* [CP] Check Pods Manifest.lock */ = {
			isa = PBXShellScriptBuildPhase;
			buildActionMask = 2147483647;
			files = (
			);
			inputFileListPaths = (
			);
			inputPaths = (
				"${PODS_PODFILE_DIR_PATH}/Podfile.lock",
				"${PODS_ROOT}/Manifest.lock",
			);
			name = "[CP] Check Pods Manifest.lock";
			outputFileListPaths = (
			);
			outputPaths = (
				"$(DERIVED_FILE_DIR)/Pods-KeyBoardCocoPods-checkManifestLockResult.txt",
			);
			runOnlyForDeploymentPostprocessing = 0;
			shellPath = /bin/sh;
			shellScript = "diff \"${PODS_PODFILE_DIR_PATH}/Podfile.lock\" \"${PODS_ROOT}/Manifest.lock\" > /dev/null\nif [ $? != 0 ] ; then\n    # print error to STDERR\n    echo \"error: The sandbox is not in sync with the Podfile.lock. Run 'pod install' or update your CocoaPods installation.\" >&2\n    exit 1\nfi\n# This output is used by Xcode 'outputs' to avoid re-running this script phase.\necho \"SUCCESS\" > \"${SCRIPT_OUTPUT_FILE_0}\"\n";
			showEnvVarsInLog = 0;
		};
		C0F34F7EB9384423215F8DA7 /* [CP] Embed Pods Frameworks */ = {
			isa = PBXShellScriptBuildPhase;
			buildActionMask = 2147483647;
			files = (
			);
			inputFileListPaths = (
				"${PODS_ROOT}/Target Support Files/Pods-KeyBoardCocoPods/Pods-KeyBoardCocoPods-frameworks-${CONFIGURATION}-input-files.xcfilelist",
			);
			name = "[CP] Embed Pods Frameworks";
			outputFileListPaths = (
				"${PODS_ROOT}/Target Support Files/Pods-KeyBoardCocoPods/Pods-KeyBoardCocoPods-frameworks-${CONFIGURATION}-output-files.xcfilelist",
			);
			runOnlyForDeploymentPostprocessing = 0;
			shellPath = /bin/sh;
			shellScript = "\"${PODS_ROOT}/Target Support Files/Pods-KeyBoardCocoPods/Pods-KeyBoardCocoPods-frameworks.sh\"\n";
			showEnvVarsInLog = 0;
		};
/* End PBXShellScriptBuildPhase section */

/* Begin PBXSourcesBuildPhase section */
		B404DBC52AE356CD00C43357 /* Sources */ = {
			isa = PBXSourcesBuildPhase;
			buildActionMask = 2147483647;
			files = (
				B404DBD12AE356CD00C43357 /* ViewController.swift in Sources */,
				B404DBCD2AE356CD00C43357 /* AppDelegate.swift in Sources */,
				B404DBCF2AE356CD00C43357 /* SceneDelegate.swift in Sources */,
			);
			runOnlyForDeploymentPostprocessing = 0;
		};
/* End PBXSourcesBuildPhase section */

/* Begin PBXVariantGroup section */
		B404DBD22AE356CD00C43357 /* Main.storyboard */ = {
			isa = PBXVariantGroup;
			children = (
				B404DBD32AE356CD00C43357 /* Base */,
			);
			name = Main.storyboard;
			sourceTree = "<group>";
		};
		B404DBD72AE356CE00C43357 /* LaunchScreen.storyboard */ = {
			isa = PBXVariantGroup;
			children = (
				B404DBD82AE356CE00C43357 /* Base */,
			);
			name = LaunchScreen.storyboard;
			sourceTree = "<group>";
		};
/* End PBXVariantGroup section */

/* Begin XCBuildConfiguration section */
		B404DBDB2AE356CE00C43357 /* Debug */ = {
			isa = XCBuildConfiguration;
			buildSettings = {
				ALWAYS_SEARCH_USER_PATHS = NO;
				CLANG_ANALYZER_NONNULL = YES;
				CLANG_ANALYZER_NUMBER_OBJECT_CONVERSION = YES_AGGRESSIVE;
				CLANG_CXX_LANGUAGE_STANDARD = "gnu++20";
				CLANG_ENABLE_MODULES = YES;
				CLANG_ENABLE_OBJC_ARC = YES;
				CLANG_ENABLE_OBJC_WEAK = YES;
				CLANG_WARN_BLOCK_CAPTURE_AUTORELEASING = YES;
				CLANG_WARN_BOOL_CONVERSION = YES;
				CLANG_WARN_COMMA = YES;
				CLANG_WARN_CONSTANT_CONVERSION = YES;
				CLANG_WARN_DEPRECATED_OBJC_IMPLEMENTATIONS = YES;
				CLANG_WARN_DIRECT_OBJC_ISA_USAGE = YES_ERROR;
				CLANG_WARN_DOCUMENTATION_COMMENTS = YES;
				CLANG_WARN_EMPTY_BODY = YES;
				CLANG_WARN_ENUM_CONVERSION = YES;
				CLANG_WARN_INFINITE_RECURSION = YES;
				CLANG_WARN_INT_CONVERSION = YES;
				CLANG_WARN_NON_LITERAL_NULL_CONVERSION = YES;
				CLANG_WARN_OBJC_IMPLICIT_RETAIN_SELF = YES;
				CLANG_WARN_OBJC_LITERAL_CONVERSION = YES;
				CLANG_WARN_OBJC_ROOT_CLASS = YES_ERROR;
				CLANG_WARN_QUOTED_INCLUDE_IN_FRAMEWORK_HEADER = YES;
				CLANG_WARN_RANGE_LOOP_ANALYSIS = YES;
				CLANG_WARN_STRICT_PROTOTYPES = YES;
				CLANG_WARN_SUSPICIOUS_MOVE = YES;
				CLANG_WARN_UNGUARDED_AVAILABILITY = YES_AGGRESSIVE;
				CLANG_WARN_UNREACHABLE_CODE = YES;
				CLANG_WARN__DUPLICATE_METHOD_MATCH = YES;
				COPY_PHASE_STRIP = NO;
				DEBUG_INFORMATION_FORMAT = dwarf;
				ENABLE_STRICT_OBJC_MSGSEND = YES;
				ENABLE_TESTABILITY = YES;
				GCC_C_LANGUAGE_STANDARD = gnu11;
				GCC_DYNAMIC_NO_PIC = NO;
				GCC_NO_COMMON_BLOCKS = YES;
				GCC_OPTIMIZATION_LEVEL = 0;
				GCC_PREPROCESSOR_DEFINITIONS = (
					"DEBUG=1",
					"$(inherited)",
				);
				GCC_WARN_64_TO_32_BIT_CONVERSION = YES;
				GCC_WARN_ABOUT_RETURN_TYPE = YES_ERROR;
				GCC_WARN_UNDECLARED_SELECTOR = YES;
				GCC_WARN_UNINITIALIZED_AUTOS = YES_AGGRESSIVE;
				GCC_WARN_UNUSED_FUNCTION = YES;
				GCC_WARN_UNUSED_VARIABLE = YES;
				IPHONEOS_DEPLOYMENT_TARGET = 16.4;
				MTL_ENABLE_DEBUG_INFO = INCLUDE_SOURCE;
				MTL_FAST_MATH = YES;
				ONLY_ACTIVE_ARCH = YES;
				SDKROOT = iphoneos;
				SWIFT_ACTIVE_COMPILATION_CONDITIONS = DEBUG;
				SWIFT_OPTIMIZATION_LEVEL = "-Onone";
			};
			name = Debug;
		};
		B404DBDC2AE356CE00C43357 /* Release */ = {
			isa = XCBuildConfiguration;
			buildSettings = {
				ALWAYS_SEARCH_USER_PATHS = NO;
				CLANG_ANALYZER_NONNULL = YES;
				CLANG_ANALYZER_NUMBER_OBJECT_CONVERSION = YES_AGGRESSIVE;
				CLANG_CXX_LANGUAGE_STANDARD = "gnu++20";
				CLANG_ENABLE_MODULES = YES;
				CLANG_ENABLE_OBJC_ARC = YES;
				CLANG_ENABLE_OBJC_WEAK = YES;
				CLANG_WARN_BLOCK_CAPTURE_AUTORELEASING = YES;
				CLANG_WARN_BOOL_CONVERSION = YES;
				CLANG_WARN_COMMA = YES;
				CLANG_WARN_CONSTANT_CONVERSION = YES;
				CLANG_WARN_DEPRECATED_OBJC_IMPLEMENTATIONS = YES;
				CLANG_WARN_DIRECT_OBJC_ISA_USAGE = YES_ERROR;
				CLANG_WARN_DOCUMENTATION_COMMENTS = YES;
				CLANG_WARN_EMPTY_BODY = YES;
				CLANG_WARN_ENUM_CONVERSION = YES;
				CLANG_WARN_INFINITE_RECURSION = YES;
				CLANG_WARN_INT_CONVERSION = YES;
				CLANG_WARN_NON_LITERAL_NULL_CONVERSION = YES;
				CLANG_WARN_OBJC_IMPLICIT_RETAIN_SELF = YES;
				CLANG_WARN_OBJC_LITERAL_CONVERSION = YES;
				CLANG_WARN_OBJC_ROOT_CLASS = YES_ERROR;
				CLANG_WARN_QUOTED_INCLUDE_IN_FRAMEWORK_HEADER = YES;
				CLANG_WARN_RANGE_LOOP_ANALYSIS = YES;
				CLANG_WARN_STRICT_PROTOTYPES = YES;
				CLANG_WARN_SUSPICIOUS_MOVE = YES;
				CLANG_WARN_UNGUARDED_AVAILABILITY = YES_AGGRESSIVE;
				CLANG_WARN_UNREACHABLE_CODE = YES;
				CLANG_WARN__DUPLICATE_METHOD_MATCH = YES;
				COPY_PHASE_STRIP = NO;
				DEBUG_INFORMATION_FORMAT = "dwarf-with-dsym";
				ENABLE_NS_ASSERTIONS = NO;
				ENABLE_STRICT_OBJC_MSGSEND = YES;
				GCC_C_LANGUAGE_STANDARD = gnu11;
				GCC_NO_COMMON_BLOCKS = YES;
				GCC_WARN_64_TO_32_BIT_CONVERSION = YES;
				GCC_WARN_ABOUT_RETURN_TYPE = YES_ERROR;
				GCC_WARN_UNDECLARED_SELECTOR = YES;
				GCC_WARN_UNINITIALIZED_AUTOS = YES_AGGRESSIVE;
				GCC_WARN_UNUSED_FUNCTION = YES;
				GCC_WARN_UNUSED_VARIABLE = YES;
				IPHONEOS_DEPLOYMENT_TARGET = 16.4;
				MTL_ENABLE_DEBUG_INFO = NO;
				MTL_FAST_MATH = YES;
				SDKROOT = iphoneos;
				SWIFT_COMPILATION_MODE = wholemodule;
				SWIFT_OPTIMIZATION_LEVEL = "-O";
				VALIDATE_PRODUCT = YES;
			};
			name = Release;
		};
		B404DBDE2AE356CE00C43357 /* Debug */ = {
			isa = XCBuildConfiguration;
			baseConfigurationReference = 8F36A478E854953788848DCF /* Pods-KeyBoardCocoPods.debug.xcconfig */;
			buildSettings = {
				ASSETCATALOG_COMPILER_APPICON_NAME = AppIcon;
				ASSETCATALOG_COMPILER_GLOBAL_ACCENT_COLOR_NAME = AccentColor;
				CODE_SIGN_STYLE = Automatic;
				CURRENT_PROJECT_VERSION = 1;
				GENERATE_INFOPLIST_FILE = YES;
				INFOPLIST_FILE = KeyBoardCocoPods/Info.plist;
				INFOPLIST_KEY_UIApplicationSupportsIndirectInputEvents = YES;
				INFOPLIST_KEY_UILaunchStoryboardName = LaunchScreen;
				INFOPLIST_KEY_UIMainStoryboardFile = Main;
				INFOPLIST_KEY_UISupportedInterfaceOrientations_iPad = "UIInterfaceOrientationPortrait UIInterfaceOrientationPortraitUpsideDown UIInterfaceOrientationLandscapeLeft UIInterfaceOrientationLandscapeRight";
				INFOPLIST_KEY_UISupportedInterfaceOrientations_iPhone = "UIInterfaceOrientationPortrait UIInterfaceOrientationLandscapeLeft UIInterfaceOrientationLandscapeRight";
				LD_RUNPATH_SEARCH_PATHS = (
					"$(inherited)",
					"@executable_path/Frameworks",
				);
				MARKETING_VERSION = 1.0;
				PRODUCT_BUNDLE_IDENTIFIER = edu.northeastern.anita.KeyBoardCocoPods;
				PRODUCT_NAME = "$(TARGET_NAME)";
				SWIFT_EMIT_LOC_STRINGS = YES;
				SWIFT_VERSION = 5.0;
				TARGETED_DEVICE_FAMILY = "1,2";
			};
			name = Debug;
		};
		B404DBDF2AE356CE00C43357 /* Release */ = {
			isa = XCBuildConfiguration;
			baseConfigurationReference = 743B00D2D45B7BAFBBB4BA6E /* Pods-KeyBoardCocoPods.release.xcconfig */;
			buildSettings = {
				ASSETCATALOG_COMPILER_APPICON_NAME = AppIcon;
				ASSETCATALOG_COMPILER_GLOBAL_ACCENT_COLOR_NAME = AccentColor;
				CODE_SIGN_STYLE = Automatic;
				CURRENT_PROJECT_VERSION = 1;
				GENERATE_INFOPLIST_FILE = YES;
				INFOPLIST_FILE = KeyBoardCocoPods/Info.plist;
				INFOPLIST_KEY_UIApplicationSupportsIndirectInputEvents = YES;
				INFOPLIST_KEY_UILaunchStoryboardName = LaunchScreen;
				INFOPLIST_KEY_UIMainStoryboardFile = Main;
				INFOPLIST_KEY_UISupportedInterfaceOrientations_iPad = "UIInterfaceOrientationPortrait UIInterfaceOrientationPortraitUpsideDown UIInterfaceOrientationLandscapeLeft UIInterfaceOrientationLandscapeRight";
				INFOPLIST_KEY_UISupportedInterfaceOrientations_iPhone = "UIInterfaceOrientationPortrait UIInterfaceOrientationLandscapeLeft UIInterfaceOrientationLandscapeRight";
				LD_RUNPATH_SEARCH_PATHS = (
					"$(inherited)",
					"@executable_path/Frameworks",
				);
				MARKETING_VERSION = 1.0;
				PRODUCT_BUNDLE_IDENTIFIER = edu.northeastern.anita.KeyBoardCocoPods;
				PRODUCT_NAME = "$(TARGET_NAME)";
				SWIFT_EMIT_LOC_STRINGS = YES;
				SWIFT_VERSION = 5.0;
				TARGETED_DEVICE_FAMILY = "1,2";
			};
			name = Release;
		};
/* End XCBuildConfiguration section */

/* Begin XCConfigurationList section */
		B404DBC42AE356CC00C43357 /* Build configuration list for PBXProject "KeyBoardCocoPods" */ = {
			isa = XCConfigurationList;
			buildConfigurations = (
				B404DBDB2AE356CE00C43357 /* Debug */,
				B404DBDC2AE356CE00C43357 /* Release */,
			);
			defaultConfigurationIsVisible = 0;
			defaultConfigurationName = Release;
		};
		B404DBDD2AE356CE00C43357 /* Build configuration list for PBXNativeTarget "KeyBoardCocoPods" */ = {
			isa = XCConfigurationList;
			buildConfigurations = (
				B404DBDE2AE356CE00C43357 /* Debug */,
				B404DBDF2AE356CE00C43357 /* Release */,
			);
			defaultConfigurationIsVisible = 0;
			defaultConfigurationName = Release;
		};
/* End XCConfigurationList section */
	};
	rootObject = B404DBC12AE356CC00C43357 /* Project object */;
}
