// !$*UTF8*$!
{
	archiveVersion = 1;
	classes = {
	};
	objectVersion = 56;
	objects = {

/* Begin PBXBuildFile section */
		B46B8F642B251F8F00CBC2B8 /* AppDelegate.swift in Sources */ = {isa = PBXBuildFile; fileRef = B46B8F632B251F8F00CBC2B8 /* AppDelegate.swift */; };
		B46B8F662B251F8F00CBC2B8 /* SceneDelegate.swift in Sources */ = {isa = PBXBuildFile; fileRef = B46B8F652B251F8F00CBC2B8 /* SceneDelegate.swift */; };
		B46B8F682B251F8F00CBC2B8 /* ViewController.swift in Sources */ = {isa = PBXBuildFile; fileRef = B46B8F672B251F8F00CBC2B8 /* ViewController.swift */; };
		B46B8F6B2B251F8F00CBC2B8 /* Main.storyboard in Resources */ = {isa = PBXBuildFile; fileRef = B46B8F692B251F8F00CBC2B8 /* Main.storyboard */; };
		B46B8F6D2B251F9000CBC2B8 /* Assets.xcassets in Resources */ = {isa = PBXBuildFile; fileRef = B46B8F6C2B251F9000CBC2B8 /* Assets.xcassets */; };
		B46B8F702B251F9000CBC2B8 /* LaunchScreen.storyboard in Resources */ = {isa = PBXBuildFile; fileRef = B46B8F6E2B251F9000CBC2B8 /* LaunchScreen.storyboard */; };
		B46B8F792B25203E00CBC2B8 /* ImageTableViewCell.swift in Sources */ = {isa = PBXBuildFile; fileRef = B46B8F772B25203E00CBC2B8 /* ImageTableViewCell.swift */; };
		B46B8F7A2B25203E00CBC2B8 /* ImageTableViewCell.xib in Resources */ = {isa = PBXBuildFile; fileRef = B46B8F782B25203E00CBC2B8 /* ImageTableViewCell.xib */; };
/* End PBXBuildFile section */

/* Begin PBXFileReference section */
		B46B8F602B251F8F00CBC2B8 /* ImagesWithTableView.app */ = {isa = PBXFileReference; explicitFileType = wrapper.application; includeInIndex = 0; path = ImagesWithTableView.app; sourceTree = BUILT_PRODUCTS_DIR; };
		B46B8F632B251F8F00CBC2B8 /* AppDelegate.swift */ = {isa = PBXFileReference; lastKnownFileType = sourcecode.swift; path = AppDelegate.swift; sourceTree = "<group>"; };
		B46B8F652B251F8F00CBC2B8 /* SceneDelegate.swift */ = {isa = PBXFileReference; lastKnownFileType = sourcecode.swift; path = SceneDelegate.swift; sourceTree = "<group>"; };
		B46B8F672B251F8F00CBC2B8 /* ViewController.swift */ = {isa = PBXFileReference; lastKnownFileType = sourcecode.swift; path = ViewController.swift; sourceTree = "<group>"; };
		B46B8F6A2B251F8F00CBC2B8 /* Base */ = {isa = PBXFileReference; lastKnownFileType = file.storyboard; name = Base; path = Base.lproj/Main.storyboard; sourceTree = "<group>"; };
		B46B8F6C2B251F9000CBC2B8 /* Assets.xcassets */ = {isa = PBXFileReference; lastKnownFileType = folder.assetcatalog; path = Assets.xcassets; sourceTree = "<group>"; };
		B46B8F6F2B251F9000CBC2B8 /* Base */ = {isa = PBXFileReference; lastKnownFileType = file.storyboard; name = Base; path = Base.lproj/LaunchScreen.storyboard; sourceTree = "<group>"; };
		B46B8F712B251F9000CBC2B8 /* Info.plist */ = {isa = PBXFileReference; lastKnownFileType = text.plist.xml; path = Info.plist; sourceTree = "<group>"; };
		B46B8F772B25203E00CBC2B8 /* ImageTableViewCell.swift */ = {isa = PBXFileReference; lastKnownFileType = sourcecode.swift; path = ImageTableViewCell.swift; sourceTree = "<group>"; };
		B46B8F782B25203E00CBC2B8 /* ImageTableViewCell.xib */ = {isa = PBXFileReference; lastKnownFileType = file.xib; path = ImageTableViewCell.xib; sourceTree = "<group>"; };
/* End PBXFileReference section */

/* Begin PBXFrameworksBuildPhase section */
		B46B8F5D2B251F8F00CBC2B8 /* Frameworks */ = {
			isa = PBXFrameworksBuildPhase;
			buildActionMask = 2147483647;
			files = (
			);
			runOnlyForDeploymentPostprocessing = 0;
		};
/* End PBXFrameworksBuildPhase section */

/* Begin PBXGroup section */
		B46B8F572B251F8F00CBC2B8 = {
			isa = PBXGroup;
			children = (
				B46B8F622B251F8F00CBC2B8 /* ImagesWithTableView */,
				B46B8F612B251F8F00CBC2B8 /* Products */,
			);
			sourceTree = "<group>";
		};
		B46B8F612B251F8F00CBC2B8 /* Products */ = {
			isa = PBXGroup;
			children = (
				B46B8F602B251F8F00CBC2B8 /* ImagesWithTableView.app */,
			);
			name = Products;
			sourceTree = "<group>";
		};
		B46B8F622B251F8F00CBC2B8 /* ImagesWithTableView */ = {
			isa = PBXGroup;
			children = (
				B46B8F632B251F8F00CBC2B8 /* AppDelegate.swift */,
				B46B8F652B251F8F00CBC2B8 /* SceneDelegate.swift */,
				B46B8F672B251F8F00CBC2B8 /* ViewController.swift */,
				B46B8F692B251F8F00CBC2B8 /* Main.storyboard */,
				B46B8F6C2B251F9000CBC2B8 /* Assets.xcassets */,
				B46B8F6E2B251F9000CBC2B8 /* LaunchScreen.storyboard */,
				B46B8F712B251F9000CBC2B8 /* Info.plist */,
				B46B8F772B25203E00CBC2B8 /* ImageTableViewCell.swift */,
				B46B8F782B25203E00CBC2B8 /* ImageTableViewCell.xib */,
			);
			path = ImagesWithTableView;
			sourceTree = "<group>";
		};
/* End PBXGroup section */

/* Begin PBXNativeTarget section */
		B46B8F5F2B251F8F00CBC2B8 /* ImagesWithTableView */ = {
			isa = PBXNativeTarget;
			buildConfigurationList = B46B8F742B251F9000CBC2B8 /* Build configuration list for PBXNativeTarget "ImagesWithTableView" */;
			buildPhases = (
				B46B8F5C2B251F8F00CBC2B8 /* Sources */,
				B46B8F5D2B251F8F00CBC2B8 /* Frameworks */,
				B46B8F5E2B251F8F00CBC2B8 /* Resources */,
			);
			buildRules = (
			);
			dependencies = (
			);
			name = ImagesWithTableView;
			productName = ImagesWithTableView;
			productReference = B46B8F602B251F8F00CBC2B8 /* ImagesWithTableView.app */;
			productType = "com.apple.product-type.application";
		};
/* End PBXNativeTarget section */

/* Begin PBXProject section */
		B46B8F582B251F8F00CBC2B8 /* Project object */ = {
			isa = PBXProject;
			attributes = {
				BuildIndependentTargetsInParallel = 1;
				LastSwiftUpdateCheck = 1430;
				LastUpgradeCheck = 1430;
				TargetAttributes = {
					B46B8F5F2B251F8F00CBC2B8 = {
						CreatedOnToolsVersion = 14.3.1;
					};
				};
			};
			buildConfigurationList = B46B8F5B2B251F8F00CBC2B8 /* Build configuration list for PBXProject "ImagesWithTableView" */;
			compatibilityVersion = "Xcode 14.0";
			developmentRegion = en;
			hasScannedForEncodings = 0;
			knownRegions = (
				en,
				Base,
			);
			mainGroup = B46B8F572B251F8F00CBC2B8;
			productRefGroup = B46B8F612B251F8F00CBC2B8 /* Products */;
			projectDirPath = "";
			projectRoot = "";
			targets = (
				B46B8F5F2B251F8F00CBC2B8 /* ImagesWithTableView */,
			);
		};
/* End PBXProject section */

/* Begin PBXResourcesBuildPhase section */
		B46B8F5E2B251F8F00CBC2B8 /* Resources */ = {
			isa = PBXResourcesBuildPhase;
			buildActionMask = 2147483647;
			files = (
				B46B8F702B251F9000CBC2B8 /* LaunchScreen.storyboard in Resources */,
				B46B8F7A2B25203E00CBC2B8 /* ImageTableViewCell.xib in Resources */,
				B46B8F6D2B251F9000CBC2B8 /* Assets.xcassets in Resources */,
				B46B8F6B2B251F8F00CBC2B8 /* Main.storyboard in Resources */,
			);
			runOnlyForDeploymentPostprocessing = 0;
		};
/* End PBXResourcesBuildPhase section */

/* Begin PBXSourcesBuildPhase section */
		B46B8F5C2B251F8F00CBC2B8 /* Sources */ = {
			isa = PBXSourcesBuildPhase;
			buildActionMask = 2147483647;
			files = (
				B46B8F682B251F8F00CBC2B8 /* ViewController.swift in Sources */,
				B46B8F792B25203E00CBC2B8 /* ImageTableViewCell.swift in Sources */,
				B46B8F642B251F8F00CBC2B8 /* AppDelegate.swift in Sources */,
				B46B8F662B251F8F00CBC2B8 /* SceneDelegate.swift in Sources */,
			);
			runOnlyForDeploymentPostprocessing = 0;
		};
/* End PBXSourcesBuildPhase section */

/* Begin PBXVariantGroup section */
		B46B8F692B251F8F00CBC2B8 /* Main.storyboard */ = {
			isa = PBXVariantGroup;
			children = (
				B46B8F6A2B251F8F00CBC2B8 /* Base */,
			);
			name = Main.storyboard;
			sourceTree = "<group>";
		};
		B46B8F6E2B251F9000CBC2B8 /* LaunchScreen.storyboard */ = {
			isa = PBXVariantGroup;
			children = (
				B46B8F6F2B251F9000CBC2B8 /* Base */,
			);
			name = LaunchScreen.storyboard;
			sourceTree = "<group>";
		};
/* End PBXVariantGroup section */

/* Begin XCBuildConfiguration section */
		B46B8F722B251F9000CBC2B8 /* Debug */ = {
			isa = XCBuildConfiguration;
			buildSettings = {
				ALWAYS_SEARCH_USER_PATHS = NO;
				CLANG_ANALYZER_NONNULL = YES;
				CLANG_ANALYZER_NUMBER_OBJECT_CONVERSION = YES_AGGRESSIVE;
				CLANG_CXX_LANGUAGE_STANDARD = "gnu++20";
				CLANG_ENABLE_MODULES = YES;
				CLANG_ENABLE_OBJC_ARC = YES;
				CLANG_ENABLE_OBJC_WEAK = YES;
				CLANG_WARN_BLOCK_CAPTURE_AUTORELEASING = YES;
				CLANG_WARN_BOOL_CONVERSION = YES;
				CLANG_WARN_COMMA = YES;
				CLANG_WARN_CONSTANT_CONVERSION = YES;
				CLANG_WARN_DEPRECATED_OBJC_IMPLEMENTATIONS = YES;
				CLANG_WARN_DIRECT_OBJC_ISA_USAGE = YES_ERROR;
				CLANG_WARN_DOCUMENTATION_COMMENTS = YES;
				CLANG_WARN_EMPTY_BODY = YES;
				CLANG_WARN_ENUM_CONVERSION = YES;
				CLANG_WARN_INFINITE_RECURSION = YES;
				CLANG_WARN_INT_CONVERSION = YES;
				CLANG_WARN_NON_LITERAL_NULL_CONVERSION = YES;
				CLANG_WARN_OBJC_IMPLICIT_RETAIN_SELF = YES;
				CLANG_WARN_OBJC_LITERAL_CONVERSION = YES;
				CLANG_WARN_OBJC_ROOT_CLASS = YES_ERROR;
				CLANG_WARN_QUOTED_INCLUDE_IN_FRAMEWORK_HEADER = YES;
				CLANG_WARN_RANGE_LOOP_ANALYSIS = YES;
				CLANG_WARN_STRICT_PROTOTYPES = YES;
				CLANG_WARN_SUSPICIOUS_MOVE = YES;
				CLANG_WARN_UNGUARDED_AVAILABILITY = YES_AGGRESSIVE;
				CLANG_WARN_UNREACHABLE_CODE = YES;
				CLANG_WARN__DUPLICATE_METHOD_MATCH = YES;
				COPY_PHASE_STRIP = NO;
				DEBUG_INFORMATION_FORMAT = dwarf;
				ENABLE_STRICT_OBJC_MSGSEND = YES;
				ENABLE_TESTABILITY = YES;
				GCC_C_LANGUAGE_STANDARD = gnu11;
				GCC_DYNAMIC_NO_PIC = NO;
				GCC_NO_COMMON_BLOCKS = YES;
				GCC_OPTIMIZATION_LEVEL = 0;
				GCC_PREPROCESSOR_DEFINITIONS = (
					"DEBUG=1",
					"$(inherited)",
				);
				GCC_WARN_64_TO_32_BIT_CONVERSION = YES;
				GCC_WARN_ABOUT_RETURN_TYPE = YES_ERROR;
				GCC_WARN_UNDECLARED_SELECTOR = YES;
				GCC_WARN_UNINITIALIZED_AUTOS = YES_AGGRESSIVE;
				GCC_WARN_UNUSED_FUNCTION = YES;
				GCC_WARN_UNUSED_VARIABLE = YES;
				IPHONEOS_DEPLOYMENT_TARGET = 16.4;
				MTL_ENABLE_DEBUG_INFO = INCLUDE_SOURCE;
				MTL_FAST_MATH = YES;
				ONLY_ACTIVE_ARCH = YES;
				SDKROOT = iphoneos;
				SWIFT_ACTIVE_COMPILATION_CONDITIONS = DEBUG;
				SWIFT_OPTIMIZATION_LEVEL = "-Onone";
			};
			name = Debug;
		};
		B46B8F732B251F9000CBC2B8 /* Release */ = {
			isa = XCBuildConfiguration;
			buildSettings = {
				ALWAYS_SEARCH_USER_PATHS = NO;
				CLANG_ANALYZER_NONNULL = YES;
				CLANG_ANALYZER_NUMBER_OBJECT_CONVERSION = YES_AGGRESSIVE;
				CLANG_CXX_LANGUAGE_STANDARD = "gnu++20";
				CLANG_ENABLE_MODULES = YES;
				CLANG_ENABLE_OBJC_ARC = YES;
				CLANG_ENABLE_OBJC_WEAK = YES;
				CLANG_WARN_BLOCK_CAPTURE_AUTORELEASING = YES;
				CLANG_WARN_BOOL_CONVERSION = YES;
				CLANG_WARN_COMMA = YES;
				CLANG_WARN_CONSTANT_CONVERSION = YES;
				CLANG_WARN_DEPRECATED_OBJC_IMPLEMENTATIONS = YES;
				CLANG_WARN_DIRECT_OBJC_ISA_USAGE = YES_ERROR;
				CLANG_WARN_DOCUMENTATION_COMMENTS = YES;
				CLANG_WARN_EMPTY_BODY = YES;
				CLANG_WARN_ENUM_CONVERSION = YES;
				CLANG_WARN_INFINITE_RECURSION = YES;
				CLANG_WARN_INT_CONVERSION = YES;
				CLANG_WARN_NON_LITERAL_NULL_CONVERSION = YES;
				CLANG_WARN_OBJC_IMPLICIT_RETAIN_SELF = YES;
				CLANG_WARN_OBJC_LITERAL_CONVERSION = YES;
				CLANG_WARN_OBJC_ROOT_CLASS = YES_ERROR;
				CLANG_WARN_QUOTED_INCLUDE_IN_FRAMEWORK_HEADER = YES;
				CLANG_WARN_RANGE_LOOP_ANALYSIS = YES;
				CLANG_WARN_STRICT_PROTOTYPES = YES;
				CLANG_WARN_SUSPICIOUS_MOVE = YES;
				CLANG_WARN_UNGUARDED_AVAILABILITY = YES_AGGRESSIVE;
				CLANG_WARN_UNREACHABLE_CODE = YES;
				CLANG_WARN__DUPLICATE_METHOD_MATCH = YES;
				COPY_PHASE_STRIP = NO;
				DEBUG_INFORMATION_FORMAT = "dwarf-with-dsym";
				ENABLE_NS_ASSERTIONS = NO;
				ENABLE_STRICT_OBJC_MSGSEND = YES;
				GCC_C_LANGUAGE_STANDARD = gnu11;
				GCC_NO_COMMON_BLOCKS = YES;
				GCC_WARN_64_TO_32_BIT_CONVERSION = YES;
				GCC_WARN_ABOUT_RETURN_TYPE = YES_ERROR;
				GCC_WARN_UNDECLARED_SELECTOR = YES;
				GCC_WARN_UNINITIALIZED_AUTOS = YES_AGGRESSIVE;
				GCC_WARN_UNUSED_FUNCTION = YES;
				GCC_WARN_UNUSED_VARIABLE = YES;
				IPHONEOS_DEPLOYMENT_TARGET = 16.4;
				MTL_ENABLE_DEBUG_INFO = NO;
				MTL_FAST_MATH = YES;
				SDKROOT = iphoneos;
				SWIFT_COMPILATION_MODE = wholemodule;
				SWIFT_OPTIMIZATION_LEVEL = "-O";
				VALIDATE_PRODUCT = YES;
			};
			name = Release;
		};
		B46B8F752B251F9000CBC2B8 /* Debug */ = {
			isa = XCBuildConfiguration;
			buildSettings = {
				ASSETCATALOG_COMPILER_APPICON_NAME = AppIcon;
				ASSETCATALOG_COMPILER_GLOBAL_ACCENT_COLOR_NAME = AccentColor;
				CODE_SIGN_STYLE = Automatic;
				CURRENT_PROJECT_VERSION = 1;
				GENERATE_INFOPLIST_FILE = YES;
				INFOPLIST_FILE = ImagesWithTableView/Info.plist;
				INFOPLIST_KEY_UIApplicationSupportsIndirectInputEvents = YES;
				INFOPLIST_KEY_UILaunchStoryboardName = LaunchScreen;
				INFOPLIST_KEY_UIMainStoryboardFile = Main;
				INFOPLIST_KEY_UISupportedInterfaceOrientations_iPad = "UIInterfaceOrientationPortrait UIInterfaceOrientationPortraitUpsideDown UIInterfaceOrientationLandscapeLeft UIInterfaceOrientationLandscapeRight";
				INFOPLIST_KEY_UISupportedInterfaceOrientations_iPhone = "UIInterfaceOrientationPortrait UIInterfaceOrientationLandscapeLeft UIInterfaceOrientationLandscapeRight";
				LD_RUNPATH_SEARCH_PATHS = (
					"$(inherited)",
					"@executable_path/Frameworks",
				);
				MARKETING_VERSION = 1.0;
				PRODUCT_BUNDLE_IDENTIFIER = edu.northeastern.anita.ImagesWithTableView;
				PRODUCT_NAME = "$(TARGET_NAME)";
				SWIFT_EMIT_LOC_STRINGS = YES;
				SWIFT_VERSION = 5.0;
				TARGETED_DEVICE_FAMILY = "1,2";
			};
			name = Debug;
		};
		B46B8F762B251F9000CBC2B8 /* Release */ = {
			isa = XCBuildConfiguration;
			buildSettings = {
				ASSETCATALOG_COMPILER_APPICON_NAME = AppIcon;
				ASSETCATALOG_COMPILER_GLOBAL_ACCENT_COLOR_NAME = AccentColor;
				CODE_SIGN_STYLE = Automatic;
				CURRENT_PROJECT_VERSION = 1;
				GENERATE_INFOPLIST_FILE = YES;
				INFOPLIST_FILE = ImagesWithTableView/Info.plist;
				INFOPLIST_KEY_UIApplicationSupportsIndirectInputEvents = YES;
				INFOPLIST_KEY_UILaunchStoryboardName = LaunchScreen;
				INFOPLIST_KEY_UIMainStoryboardFile = Main;
				INFOPLIST_KEY_UISupportedInterfaceOrientations_iPad = "UIInterfaceOrientationPortrait UIInterfaceOrientationPortraitUpsideDown UIInterfaceOrientationLandscapeLeft UIInterfaceOrientationLandscapeRight";
				INFOPLIST_KEY_UISupportedInterfaceOrientations_iPhone = "UIInterfaceOrientationPortrait UIInterfaceOrientationLandscapeLeft UIInterfaceOrientationLandscapeRight";
				LD_RUNPATH_SEARCH_PATHS = (
					"$(inherited)",
					"@executable_path/Frameworks",
				);
				MARKETING_VERSION = 1.0;
				PRODUCT_BUNDLE_IDENTIFIER = edu.northeastern.anita.ImagesWithTableView;
				PRODUCT_NAME = "$(TARGET_NAME)";
				SWIFT_EMIT_LOC_STRINGS = YES;
				SWIFT_VERSION = 5.0;
				TARGETED_DEVICE_FAMILY = "1,2";
			};
			name = Release;
		};
/* End XCBuildConfiguration section */

/* Begin XCConfigurationList section */
		B46B8F5B2B251F8F00CBC2B8 /* Build configuration list for PBXProject "ImagesWithTableView" */ = {
			isa = XCConfigurationList;
			buildConfigurations = (
				B46B8F722B251F9000CBC2B8 /* Debug */,
				B46B8F732B251F9000CBC2B8 /* Release */,
			);
			defaultConfigurationIsVisible = 0;
			defaultConfigurationName = Release;
		};
		B46B8F742B251F9000CBC2B8 /* Build configuration list for PBXNativeTarget "ImagesWithTableView" */ = {
			isa = XCConfigurationList;
			buildConfigurations = (
				B46B8F752B251F9000CBC2B8 /* Debug */,
				B46B8F762B251F9000CBC2B8 /* Release */,
			);
			defaultConfigurationIsVisible = 0;
			defaultConfigurationName = Release;
		};
/* End XCConfigurationList section */
	};
	rootObject = B46B8F582B251F8F00CBC2B8 /* Project object */;
}
